
Microsoft Visual Studio Solution File, Format Version 12.00
# Visual Studio Version 16
VisualStudioVersion = 16.0.29418.71
MinimumVisualStudioVersion = 10.0.40219.1
Project("{FAE04EC0-301F-11D3-BF4B-00C04F79EFBC}") = "ServerClientApp", "ServerClientApp.csproj", "{B2E6EA43-EAE2-4E56-928B-509E357A7D2E}"
EndProject
Global
	GlobalSection(SolutionConfigurationPlatforms) = preSolution
		Debug|Any CPU = Debug|Any CPU
		Release|Any CPU = Release|Any CPU
	EndGlobalSection
	GlobalSection(ProjectConfigurationPlatforms) = postSolution
		{B2E6EA43-EAE2-4E56-928B-509E357A7D2E}.Debug|Any CPU.ActiveCfg = Debug|Any CPU
		{B2E6EA43-EAE2-4E56-928B-509E357A7D2E}.Debug|Any CPU.Build.0 = Debug|Any CPU
		{B2E6EA43-EAE2-4E56-928B-509E357A7D2E}.Release|Any CPU.ActiveCfg = Release|Any CPU
		{B2E6EA43-EAE2-4E56-928B-509E357A7D2E}.Release|Any CPU.Build.0 = Release|Any CPU
	EndGlobalSection
	GlobalSection(SolutionProperties) = preSolution
		HideSolutionNode = FALSE
	EndGlobalSection
	GlobalSection(ExtensibilityGlobals) = postSolution
		SolutionGuid = {03B95D8E-DA94-45CD-8EA5-A35C499CC30F}
	EndGlobalSection
EndGlobal
